<?xml version="1.0" encoding="utf-8"?>
<Project ToolsVersion="4.0" xmlns="http://schemas.microsoft.com/developer/msbuild/2003">
  <ItemGroup>
    <Filter Include="Main">
      <UniqueIdentifier>{ed5475d8-1d48-47af-afda-3f8b4f045bf2}</UniqueIdentifier>
      <Extensions>cpp;c;def</Extensions>
    </Filter>
    <Filter Include="Dispatch">
      <UniqueIdentifier>{2251232a-6017-42b9-b8a6-d2763a26d70f}</UniqueIdentifier>
      <Extensions>hpp;h</Extensions>
    </Filter>
    <Filter Include="Assist">
      <UniqueIdentifier>{306adce6-6d98-4d5c-ba2d-29b0a22469f7}</UniqueIdentifier>
    </Filter>
    <Filter Include="Dispatch\ProcessCore">
      <UniqueIdentifier>{0d05cf99-41b1-4701-b54e-7cdd21a0c9cb}</UniqueIdentifier>
    </Filter>
    <Filter Include="Dispatch\ProcessCore\ProcessThread">
      <UniqueIdentifier>{467200da-c0ed-443a-b23b-231c4da44659}</UniqueIdentifier>
    </Filter>
    <Filter Include="Dispatch\ProcessCore\ProcessPrivilage">
      <UniqueIdentifier>{b850ae5b-b81c-4614-b101-1b5389bb67f6}</UniqueIdentifier>
    </Filter>
    <Filter Include="Dispatch\ProcessCore\ProcessHandle">
      <UniqueIdentifier>{b7b31b8c-c7e9-4823-84ec-354894a67cee}</UniqueIdentifier>
    </Filter>
    <Filter Include="Dispatch\ProcessCore\ProcessWindow">
      <UniqueIdentifier>{7faaac2d-42be-4dec-82c2-d3887784d166}</UniqueIdentifier>
    </Filter>
    <Filter Include="Dispatch\ProcessCore\ProcessModule">
      <UniqueIdentifier>{6548f827-c1f9-40a1-8dae-7479f648ef4b}</UniqueIdentifier>
    </Filter>
    <Filter Include="Dispatch\ProcessCore\ProcessMemory">
      <UniqueIdentifier>{ee99f410-7e78-42a3-8fb8-03514e1ccb2a}</UniqueIdentifier>
    </Filter>
    <Filter Include="Dispatch\ModuleCore">
      <UniqueIdentifier>{867762f3-885f-43db-9be4-c8ce8367f1fb}</UniqueIdentifier>
    </Filter>
    <Filter Include="Dispatch\KernelSys">
      <UniqueIdentifier>{5e229454-a56c-4dee-b9c8-4bc963ac9647}</UniqueIdentifier>
    </Filter>
    <Filter Include="Dispatch\KernelSys\Callback">
      <UniqueIdentifier>{87c01687-d2ab-465f-b9e1-5fa7adf464a1}</UniqueIdentifier>
    </Filter>
    <Filter Include="Dispatch\KernelSys\IoTimer">
      <UniqueIdentifier>{661fdec2-f4ad-4f3d-9871-06eed5045f8a}</UniqueIdentifier>
    </Filter>
    <Filter Include="Dispatch\KernelSys\DpcTimer">
      <UniqueIdentifier>{590f7795-e210-454a-9cac-c636c85ee309}</UniqueIdentifier>
    </Filter>
    <Filter Include="Dispatch\KernelSys\SystemThread">
      <UniqueIdentifier>{647434bd-b614-4d75-a396-0f47e0e3b81a}</UniqueIdentifier>
    </Filter>
    <Filter Include="Dispatch\KernelSys\FilterDriver">
      <UniqueIdentifier>{9299b0a6-6157-4a23-aaee-fcd2708a91e2}</UniqueIdentifier>
    </Filter>
  </ItemGroup>
  <ItemGroup>
    <ClCompile Include="..\Source\PCHunterDrv.c">
      <Filter>Main</Filter>
    </ClCompile>
    <ClCompile Include="..\Source\Dispatches.c">
      <Filter>Dispatch</Filter>
    </ClCompile>
    <ClCompile Include="..\Source\Private.c">
      <Filter>Assist</Filter>
    </ClCompile>
    <ClCompile Include="..\Source\ProcessCore.c">
      <Filter>Dispatch\ProcessCore</Filter>
    </ClCompile>
    <ClCompile Include="..\Source\ProcessThread.c">
      <Filter>Dispatch\ProcessCore\ProcessThread</Filter>
    </ClCompile>
    <ClCompile Include="..\Source\ProcessPrivilege.c">
      <Filter>Dispatch\ProcessCore\ProcessPrivilage</Filter>
    </ClCompile>
    <ClCompile Include="..\Source\ProcessHandle.c">
      <Filter>Dispatch\ProcessCore\ProcessHandle</Filter>
    </ClCompile>
    <ClCompile Include="..\Source\ProcessWindow.c">
      <Filter>Dispatch\ProcessCore\ProcessWindow</Filter>
    </ClCompile>
    <ClCompile Include="..\Source\ProcessModule.c">
      <Filter>Dispatch\ProcessCore\ProcessModule</Filter>
    </ClCompile>
    <ClCompile Include="..\Source\ProcessMemory.c">
      <Filter>Dispatch\ProcessCore\ProcessMemory</Filter>
    </ClCompile>
    <ClCompile Include="..\Source\ModuleCore.c">
      <Filter>Dispatch\ModuleCore</Filter>
    </ClCompile>
    <ClCompile Include="..\Source\SysCallback.c">
      <Filter>Dispatch\KernelSys\Callback</Filter>
    </ClCompile>
    <ClCompile Include="..\Source\SysIoTimer .c">
      <Filter>Dispatch\KernelSys\IoTimer</Filter>
    </ClCompile>
    <ClCompile Include="..\Source\SysDpcTimer.c">
      <Filter>Dispatch\KernelSys\DpcTimer</Filter>
    </ClCompile>
    <ClCompile Include="..\Source\SysThread.c">
      <Filter>Dispatch\KernelSys\SystemThread</Filter>
    </ClCompile>
    <ClCompile Include="..\Source\SysFilterDriver.c">
      <Filter>Dispatch\KernelSys\FilterDriver</Filter>
    </ClCompile>
  </ItemGroup>
  <ItemGroup>
    <ClInclude Include="..\Source\PCHunterDrv.h">
      <Filter>Main</Filter>
    </ClInclude>
    <ClInclude Include="..\Source\Dispatches.h">
      <Filter>Dispatch</Filter>
    </ClInclude>
    <ClInclude Include="..\Source\Private.h">
      <Filter>Assist</Filter>
    </ClInclude>
    <ClInclude Include="..\Source\ProcessCore.h">
      <Filter>Dispatch\ProcessCore</Filter>
    </ClInclude>
    <ClInclude Include="..\Source\NtStructs.h">
      <Filter>Assist</Filter>
    </ClInclude>
    <ClInclude Include="..\Source\ProcessThread.h">
      <Filter>Dispatch\ProcessCore\ProcessThread</Filter>
    </ClInclude>
    <ClInclude Include="..\Source\Imports.h">
      <Filter>Assist</Filter>
    </ClInclude>
    <ClInclude Include="..\Source\ProcessPrivilege.h">
      <Filter>Dispatch\ProcessCore\ProcessPrivilage</Filter>
    </ClInclude>
    <ClInclude Include="..\Source\ProcessHandle.h">
      <Filter>Dispatch\ProcessCore\ProcessHandle</Filter>
    </ClInclude>
    <ClInclude Include="..\Source\ProcessWindow.h">
      <Filter>Dispatch\ProcessCore\ProcessWindow</Filter>
    </ClInclude>
    <ClInclude Include="..\Source\ProcessModule.h">
      <Filter>Dispatch\ProcessCore\ProcessModule</Filter>
    </ClInclude>
    <ClInclude Include="..\Source\ProcessMemory.h">
      <Filter>Dispatch\ProcessCore\ProcessMemory</Filter>
    </ClInclude>
    <ClInclude Include="..\Source\ModuleCore.h">
      <Filter>Dispatch\ModuleCore</Filter>
    </ClInclude>
    <ClInclude Include="..\Source\SysCallback.h">
      <Filter>Dispatch\KernelSys\Callback</Filter>
    </ClInclude>
    <ClInclude Include="..\Source\SysIoTimer.h">
      <Filter>Dispatch\KernelSys\IoTimer</Filter>
    </ClInclude>
    <ClInclude Include="..\Source\SysDpcTimer.h">
      <Filter>Dispatch\KernelSys\DpcTimer</Filter>
    </ClInclude>
    <ClInclude Include="..\Source\SysThread.h">
      <Filter>Dispatch\KernelSys\SystemThread</Filter>
    </ClInclude>
    <ClInclude Include="..\Source\SysFilterDriver.h">
      <Filter>Dispatch\KernelSys\FilterDriver</Filter>
    </ClInclude>
  </ItemGroup>
</Project>